lockfileVersion: '9.0'

settings:
  autoInstallPeers: true
  excludeLinksFromLockfile: false

importers:
  .:
    dependencies:
      kysely:
        specifier: ^0.28.2
        version: 0.28.2
      scule:
        specifier: ^1.3.0
        version: 1.3.0
      typescript:
        specifier: ^5.0.0
        version: 5.8.3
      ufo:
        specifier: ^1.6.1
        version: 1.6.1
    devDependencies:
      '@types/node':
        specifier: ^18.0.0
        version: 18.19.100
      '@types/pg':
        specifier: ^8.15.1
        version: 8.15.1
      oxlint:
        specifier: ^0.16.10
        version: 0.16.10
      pg:
        specifier: ^8.15.6
        version: 8.15.6
      prettier:
        specifier: ^3.5.3
        version: 3.5.3
      tsx:
        specifier: ^4.19.4
        version: 4.19.4

packages:
  '@esbuild/aix-ppc64@0.25.4':
    resolution:
      {
        integrity: sha512-1VCICWypeQKhVbE9oW/sJaAmjLxhVqacdkvPLEjwlttjfwENRSClS8EjBz0KzRyFSCPDIkuXW34Je/vk7zdB7Q==,
      }
    engines: { node: '>=18' }
    cpu: [ppc64]
    os: [aix]

  '@esbuild/android-arm64@0.25.4':
    resolution:
      {
        integrity: sha512-bBy69pgfhMGtCnwpC/x5QhfxAz/cBgQ9enbtwjf6V9lnPI/hMyT9iWpR1arm0l3kttTr4L0KSLpKmLp/ilKS9A==,
      }
    engines: { node: '>=18' }
    cpu: [arm64]
    os: [android]

  '@esbuild/android-arm@0.25.4':
    resolution:
      {
        integrity: sha512-QNdQEps7DfFwE3hXiU4BZeOV68HHzYwGd0Nthhd3uCkkEKK7/R6MTgM0P7H7FAs5pU/DIWsviMmEGxEoxIZ+ZQ==,
      }
    engines: { node: '>=18' }
    cpu: [arm]
    os: [android]

  '@esbuild/android-x64@0.25.4':
    resolution:
      {
        integrity: sha512-TVhdVtQIFuVpIIR282btcGC2oGQoSfZfmBdTip2anCaVYcqWlZXGcdcKIUklfX2wj0JklNYgz39OBqh2cqXvcQ==,
      }
    engines: { node: '>=18' }
    cpu: [x64]
    os: [android]

  '@esbuild/darwin-arm64@0.25.4':
    resolution:
      {
        integrity: sha512-Y1giCfM4nlHDWEfSckMzeWNdQS31BQGs9/rouw6Ub91tkK79aIMTH3q9xHvzH8d0wDru5Ci0kWB8b3up/nl16g==,
      }
    engines: { node: '>=18' }
    cpu: [arm64]
    os: [darwin]

  '@esbuild/darwin-x64@0.25.4':
    resolution:
      {
        integrity: sha512-CJsry8ZGM5VFVeyUYB3cdKpd/H69PYez4eJh1W/t38vzutdjEjtP7hB6eLKBoOdxcAlCtEYHzQ/PJ/oU9I4u0A==,
      }
    engines: { node: '>=18' }
    cpu: [x64]
    os: [darwin]

  '@esbuild/freebsd-arm64@0.25.4':
    resolution:
      {
        integrity: sha512-yYq+39NlTRzU2XmoPW4l5Ifpl9fqSk0nAJYM/V/WUGPEFfek1epLHJIkTQM6bBs1swApjO5nWgvr843g6TjxuQ==,
      }
    engines: { node: '>=18' }
    cpu: [arm64]
    os: [freebsd]

  '@esbuild/freebsd-x64@0.25.4':
    resolution:
      {
        integrity: sha512-0FgvOJ6UUMflsHSPLzdfDnnBBVoCDtBTVyn/MrWloUNvq/5SFmh13l3dvgRPkDihRxb77Y17MbqbCAa2strMQQ==,
      }
    engines: { node: '>=18' }
    cpu: [x64]
    os: [freebsd]

  '@esbuild/linux-arm64@0.25.4':
    resolution:
      {
        integrity: sha512-+89UsQTfXdmjIvZS6nUnOOLoXnkUTB9hR5QAeLrQdzOSWZvNSAXAtcRDHWtqAUtAmv7ZM1WPOOeSxDzzzMogiQ==,
      }
    engines: { node: '>=18' }
    cpu: [arm64]
    os: [linux]

  '@esbuild/linux-arm@0.25.4':
    resolution:
      {
        integrity: sha512-kro4c0P85GMfFYqW4TWOpvmF8rFShbWGnrLqlzp4X1TNWjRY3JMYUfDCtOxPKOIY8B0WC8HN51hGP4I4hz4AaQ==,
      }
    engines: { node: '>=18' }
    cpu: [arm]
    os: [linux]

  '@esbuild/linux-ia32@0.25.4':
    resolution:
      {
        integrity: sha512-yTEjoapy8UP3rv8dB0ip3AfMpRbyhSN3+hY8mo/i4QXFeDxmiYbEKp3ZRjBKcOP862Ua4b1PDfwlvbuwY7hIGQ==,
      }
    engines: { node: '>=18' }
    cpu: [ia32]
    os: [linux]

  '@esbuild/linux-loong64@0.25.4':
    resolution:
      {
        integrity: sha512-NeqqYkrcGzFwi6CGRGNMOjWGGSYOpqwCjS9fvaUlX5s3zwOtn1qwg1s2iE2svBe4Q/YOG1q6875lcAoQK/F4VA==,
      }
    engines: { node: '>=18' }
    cpu: [loong64]
    os: [linux]

  '@esbuild/linux-mips64el@0.25.4':
    resolution:
      {
        integrity: sha512-IcvTlF9dtLrfL/M8WgNI/qJYBENP3ekgsHbYUIzEzq5XJzzVEV/fXY9WFPfEEXmu3ck2qJP8LG/p3Q8f7Zc2Xg==,
      }
    engines: { node: '>=18' }
    cpu: [mips64el]
    os: [linux]

  '@esbuild/linux-ppc64@0.25.4':
    resolution:
      {
        integrity: sha512-HOy0aLTJTVtoTeGZh4HSXaO6M95qu4k5lJcH4gxv56iaycfz1S8GO/5Jh6X4Y1YiI0h7cRyLi+HixMR+88swag==,
      }
    engines: { node: '>=18' }
    cpu: [ppc64]
    os: [linux]

  '@esbuild/linux-riscv64@0.25.4':
    resolution:
      {
        integrity: sha512-i8JUDAufpz9jOzo4yIShCTcXzS07vEgWzyX3NH2G7LEFVgrLEhjwL3ajFE4fZI3I4ZgiM7JH3GQ7ReObROvSUA==,
      }
    engines: { node: '>=18' }
    cpu: [riscv64]
    os: [linux]

  '@esbuild/linux-s390x@0.25.4':
    resolution:
      {
        integrity: sha512-jFnu+6UbLlzIjPQpWCNh5QtrcNfMLjgIavnwPQAfoGx4q17ocOU9MsQ2QVvFxwQoWpZT8DvTLooTvmOQXkO51g==,
      }
    engines: { node: '>=18' }
    cpu: [s390x]
    os: [linux]

  '@esbuild/linux-x64@0.25.4':
    resolution:
      {
        integrity: sha512-6e0cvXwzOnVWJHq+mskP8DNSrKBr1bULBvnFLpc1KY+d+irZSgZ02TGse5FsafKS5jg2e4pbvK6TPXaF/A6+CA==,
      }
    engines: { node: '>=18' }
    cpu: [x64]
    os: [linux]

  '@esbuild/netbsd-arm64@0.25.4':
    resolution:
      {
        integrity: sha512-vUnkBYxZW4hL/ie91hSqaSNjulOnYXE1VSLusnvHg2u3jewJBz3YzB9+oCw8DABeVqZGg94t9tyZFoHma8gWZQ==,
      }
    engines: { node: '>=18' }
    cpu: [arm64]
    os: [netbsd]

  '@esbuild/netbsd-x64@0.25.4':
    resolution:
      {
        integrity: sha512-XAg8pIQn5CzhOB8odIcAm42QsOfa98SBeKUdo4xa8OvX8LbMZqEtgeWE9P/Wxt7MlG2QqvjGths+nq48TrUiKw==,
      }
    engines: { node: '>=18' }
    cpu: [x64]
    os: [netbsd]

  '@esbuild/openbsd-arm64@0.25.4':
    resolution:
      {
        integrity: sha512-Ct2WcFEANlFDtp1nVAXSNBPDxyU+j7+tId//iHXU2f/lN5AmO4zLyhDcpR5Cz1r08mVxzt3Jpyt4PmXQ1O6+7A==,
      }
    engines: { node: '>=18' }
    cpu: [arm64]
    os: [openbsd]

  '@esbuild/openbsd-x64@0.25.4':
    resolution:
      {
        integrity: sha512-xAGGhyOQ9Otm1Xu8NT1ifGLnA6M3sJxZ6ixylb+vIUVzvvd6GOALpwQrYrtlPouMqd/vSbgehz6HaVk4+7Afhw==,
      }
    engines: { node: '>=18' }
    cpu: [x64]
    os: [openbsd]

  '@esbuild/sunos-x64@0.25.4':
    resolution:
      {
        integrity: sha512-Mw+tzy4pp6wZEK0+Lwr76pWLjrtjmJyUB23tHKqEDP74R3q95luY/bXqXZeYl4NYlvwOqoRKlInQialgCKy67Q==,
      }
    engines: { node: '>=18' }
    cpu: [x64]
    os: [sunos]

  '@esbuild/win32-arm64@0.25.4':
    resolution:
      {
        integrity: sha512-AVUP428VQTSddguz9dO9ngb+E5aScyg7nOeJDrF1HPYu555gmza3bDGMPhmVXL8svDSoqPCsCPjb265yG/kLKQ==,
      }
    engines: { node: '>=18' }
    cpu: [arm64]
    os: [win32]

  '@esbuild/win32-ia32@0.25.4':
    resolution:
      {
        integrity: sha512-i1sW+1i+oWvQzSgfRcxxG2k4I9n3O9NRqy8U+uugaT2Dy7kLO9Y7wI72haOahxceMX8hZAzgGou1FhndRldxRg==,
      }
    engines: { node: '>=18' }
    cpu: [ia32]
    os: [win32]

  '@esbuild/win32-x64@0.25.4':
    resolution:
      {
        integrity: sha512-nOT2vZNw6hJ+z43oP1SPea/G/6AbN6X+bGNhNuq8NtRHy4wsMhw765IKLNmnjek7GvjWBYQ8Q5VBoYTFg9y1UQ==,
      }
    engines: { node: '>=18' }
    cpu: [x64]
    os: [win32]

  '@oxlint/darwin-arm64@0.16.10':
    resolution:
      {
        integrity: sha512-lNnkf7/auNXXD7gU3IbWMyuYiKj4Va+hhoe6+NwGfAjpKm5L4Uvc93o7tay163WVzQePVUOz/IwsJPLQs3hcjQ==,
      }
    cpu: [arm64]
    os: [darwin]

  '@oxlint/darwin-x64@0.16.10':
    resolution:
      {
        integrity: sha512-axqbGX//v+AF/73OZUfUGG5pZidnZf9T+wc+1Jf19O0DViPpcmbVH7l0aLImFQuRn6Nl9LAbfBbKAgO1BS+OSg==,
      }
    cpu: [x64]
    os: [darwin]

  '@oxlint/linux-arm64-gnu@0.16.10':
    resolution:
      {
        integrity: sha512-CoFYLjmttdBRw6k3waRuSoW+36ojY8WspOkr5KzNM6GytrKKIRSLUNkaLLSSnXQK6MN13jemJa32U1DRn8/V1Q==,
      }
    cpu: [arm64]
    os: [linux]

  '@oxlint/linux-arm64-musl@0.16.10':
    resolution:
      {
        integrity: sha512-jidO59qo6RZ1HRk7a27noIgUeJmzju13NcKm7+5zZObPPGuXXO1OT3ZYabyO4Zz3eU+wqMTgjM4yphbJerkxPQ==,
      }
    cpu: [arm64]
    os: [linux]

  '@oxlint/linux-x64-gnu@0.16.10':
    resolution:
      {
        integrity: sha512-RWbkaDIX4fD+OaE+XfNG8nOxh+qLA90KhuejlTFbAApn7lZtyhr/UTIPuJsjmzMUW145C0NJTugOB6Q6XtKGNA==,
      }
    cpu: [x64]
    os: [linux]

  '@oxlint/linux-x64-musl@0.16.10':
    resolution:
      {
        integrity: sha512-V7oXFLCowIEOnYBph4J2KSiHYtBIrx00xmwzKzSvwMzVOxDkw1LmPUYLCz/AEU6MctE6S2ZR947IXJY7ch4HeQ==,
      }
    cpu: [x64]
    os: [linux]

  '@oxlint/win32-arm64@0.16.10':
    resolution:
      {
        integrity: sha512-QrWe71tjRKSDLejklPoU7gySq16nrJMOrqcSaw+ERQtJpnJBruF0RWQEVFEev6TvzwRnxrdTqDucYcFmoFqGeg==,
      }
    cpu: [arm64]
    os: [win32]

  '@oxlint/win32-x64@0.16.10':
    resolution:
      {
        integrity: sha512-V5LHfgB5uiiKNpOFOAfygsL36pN6qSuQ0moiuEyZFfWL2Iyx5026ksefiD9nXcygQsLYU7f6xQbOINAY3uIvcw==,
      }
    cpu: [x64]
    os: [win32]

  '@types/node@18.19.100':
    resolution:
      {
        integrity: sha512-ojmMP8SZBKprc3qGrGk8Ujpo80AXkrP7G2tOT4VWr5jlr5DHjsJF+emXJz+Wm0glmy4Js62oKMdZZ6B9Y+tEcA==,
      }

  '@types/pg@8.15.1':
    resolution:
      {
        integrity: sha512-YKHrkGWBX5+ivzvOQ66I0fdqsQTsvxqM0AGP2i0XrVZ9DP5VA/deEbTf7VuLPGpY7fJB9uGbkZ6KjVhuHcrTkQ==,
      }

  esbuild@0.25.4:
    resolution:
      {
        integrity: sha512-8pgjLUcUjcgDg+2Q4NYXnPbo/vncAY4UmyaCm0jZevERqCHZIaWwdJHkf8XQtu4AxSKCdvrUbT0XUr1IdZzI8Q==,
      }
    engines: { node: '>=18' }
    hasBin: true

  fsevents@2.3.3:
    resolution:
      {
        integrity: sha512-5xoDfX+fL7faATnagmWPpbFtwh/R77WmMMqqHGS65C3vvB0YHrgF+B1YmZ3441tMj5n63k0212XNoJwzlhffQw==,
      }
    engines: { node: ^8.16.0 || ^10.6.0 || >=11.0.0 }
    os: [darwin]

  get-tsconfig@4.10.0:
    resolution:
      {
        integrity: sha512-kGzZ3LWWQcGIAmg6iWvXn0ei6WDtV26wzHRMwDSzmAbcXrTEXxHy6IehI6/4eT6VRKyMP1eF1VqwrVUmE/LR7A==,
      }

  kysely@0.28.2:
    resolution:
      {
        integrity: sha512-4YAVLoF0Sf0UTqlhgQMFU9iQECdah7n+13ANkiuVfRvlK+uI0Etbgd7bVP36dKlG+NXWbhGua8vnGt+sdhvT7A==,
      }
    engines: { node: '>=18.0.0' }

  obuf@1.1.2:
    resolution:
      {
        integrity: sha512-PX1wu0AmAdPqOL1mWhqmlOd8kOIZQwGZw6rh7uby9fTc5lhaOWFLX3I6R1hrF9k3zUY40e6igsLGkDXK92LJNg==,
      }

  oxlint@0.16.10:
    resolution:
      {
        integrity: sha512-xSHmXzQ8cuoeUFoHsc0NIab81KsXNNUKJbK7ZaoCcSWcWSDc4oyc9giPnaVOnVCye5XR7FfX2x4OXqJ9nQdKHw==,
      }
    engines: { node: '>=8.*' }
    hasBin: true

  pg-cloudflare@1.2.5:
    resolution:
      {
        integrity: sha512-OOX22Vt0vOSRrdoUPKJ8Wi2OpE/o/h9T8X1s4qSkCedbNah9ei2W2765be8iMVxQUsvgT7zIAT2eIa9fs5+vtg==,
      }

  pg-connection-string@2.8.5:
    resolution:
      {
        integrity: sha512-Ni8FuZ8yAF+sWZzojvtLE2b03cqjO5jNULcHFfM9ZZ0/JXrgom5pBREbtnAw7oxsxJqHw9Nz/XWORUEL3/IFow==,
      }

  pg-int8@1.0.1:
    resolution:
      {
        integrity: sha512-WCtabS6t3c8SkpDBUlb1kjOs7l66xsGdKpIPZsg4wR+B3+u9UAum2odSsF9tnvxg80h4ZxLWMy4pRjOsFIqQpw==,
      }
    engines: { node: '>=4.0.0' }

  pg-numeric@1.0.2:
    resolution:
      {
        integrity: sha512-BM/Thnrw5jm2kKLE5uJkXqqExRUY/toLHda65XgFTBTFYZyopbKjBe29Ii3RbkvlsMoFwD+tHeGaCjjv0gHlyw==,
      }
    engines: { node: '>=4' }

  pg-pool@3.9.6:
    resolution:
      {
        integrity: sha512-rFen0G7adh1YmgvrmE5IPIqbb+IgEzENUm+tzm6MLLDSlPRoZVhzU1WdML9PV2W5GOdRA9qBKURlbt1OsXOsPw==,
      }
    peerDependencies:
      pg: '>=8.0'

  pg-protocol@1.9.5:
    resolution:
      {
        integrity: sha512-DYTWtWpfd5FOro3UnAfwvhD8jh59r2ig8bPtc9H8Ds7MscE/9NYruUQWFAOuraRl29jwcT2kyMFQ3MxeaVjUhg==,
      }

  pg-types@2.2.0:
    resolution:
      {
        integrity: sha512-qTAAlrEsl8s4OiEQY69wDvcMIdQN6wdz5ojQiOy6YRMuynxenON0O5oCpJI6lshc6scgAY8qvJ2On/p+CXY0GA==,
      }
    engines: { node: '>=4' }

  pg-types@4.0.2:
    resolution:
      {
        integrity: sha512-cRL3JpS3lKMGsKaWndugWQoLOCoP+Cic8oseVcbr0qhPzYD5DWXK+RZ9LY9wxRf7RQia4SCwQlXk0q6FCPrVng==,
      }
    engines: { node: '>=10' }

  pg@8.15.6:
    resolution:
      {
        integrity: sha512-yvao7YI3GdmmrslNVsZgx9PfntfWrnXwtR+K/DjI0I/sTKif4Z623um+sjVZ1hk5670B+ODjvHDAckKdjmPTsg==,
      }
    engines: { node: '>= 8.0.0' }
    peerDependencies:
      pg-native: '>=3.0.1'
    peerDependenciesMeta:
      pg-native:
        optional: true

  pgpass@1.0.5:
    resolution:
      {
        integrity: sha512-FdW9r/jQZhSeohs1Z3sI1yxFQNFvMcnmfuj4WBMUTxOrAyLMaTcE1aAMBiTlbMNaXvBCQuVi0R7hd8udDSP7ug==,
      }

  postgres-array@2.0.0:
    resolution:
      {
        integrity: sha512-VpZrUqU5A69eQyW2c5CA1jtLecCsN2U/bD6VilrFDWq5+5UIEVO7nazS3TEcHf1zuPYO/sqGvUvW62g86RXZuA==,
      }
    engines: { node: '>=4' }

  postgres-array@3.0.4:
    resolution:
      {
        integrity: sha512-nAUSGfSDGOaOAEGwqsRY27GPOea7CNipJPOA7lPbdEpx5Kg3qzdP0AaWC5MlhTWV9s4hFX39nomVZ+C4tnGOJQ==,
      }
    engines: { node: '>=12' }

  postgres-bytea@1.0.0:
    resolution:
      {
        integrity: sha512-xy3pmLuQqRBZBXDULy7KbaitYqLcmxigw14Q5sj8QBVLqEwXfeybIKVWiqAXTlcvdvb0+xkOtDbfQMOf4lST1w==,
      }
    engines: { node: '>=0.10.0' }

  postgres-bytea@3.0.0:
    resolution:
      {
        integrity: sha512-CNd4jim9RFPkObHSjVHlVrxoVQXz7quwNFpz7RY1okNNme49+sVyiTvTRobiLV548Hx/hb1BG+iE7h9493WzFw==,
      }
    engines: { node: '>= 6' }

  postgres-date@1.0.7:
    resolution:
      {
        integrity: sha512-suDmjLVQg78nMK2UZ454hAG+OAW+HQPZ6n++TNDUX+L0+uUlLywnoxJKDou51Zm+zTCjrCl0Nq6J9C5hP9vK/Q==,
      }
    engines: { node: '>=0.10.0' }

  postgres-date@2.1.0:
    resolution:
      {
        integrity: sha512-K7Juri8gtgXVcDfZttFKVmhglp7epKb1K4pgrkLxehjqkrgPhfG6OO8LHLkfaqkbpjNRnra018XwAr1yQFWGcA==,
      }
    engines: { node: '>=12' }

  postgres-interval@1.2.0:
    resolution:
      {
        integrity: sha512-9ZhXKM/rw350N1ovuWHbGxnGh/SNJ4cnxHiM0rxE4VN41wsg8P8zWn9hv/buK00RP4WvlOyr/RBDiptyxVbkZQ==,
      }
    engines: { node: '>=0.10.0' }

  postgres-interval@3.0.0:
    resolution:
      {
        integrity: sha512-BSNDnbyZCXSxgA+1f5UU2GmwhoI0aU5yMxRGO8CdFEcY2BQF9xm/7MqKnYoM1nJDk8nONNWDk9WeSmePFhQdlw==,
      }
    engines: { node: '>=12' }

  postgres-range@1.1.4:
    resolution:
      {
        integrity: sha512-i/hbxIE9803Alj/6ytL7UHQxRvZkI9O4Sy+J3HGc4F4oo/2eQAjTSNJ0bfxyse3bH0nuVesCk+3IRLaMtG3H6w==,
      }

  prettier@3.5.3:
    resolution:
      {
        integrity: sha512-QQtaxnoDJeAkDvDKWCLiwIXkTgRhwYDEQCghU9Z6q03iyek/rxRh/2lC3HB7P8sWT2xC/y5JDctPLBIGzHKbhw==,
      }
    engines: { node: '>=14' }
    hasBin: true

  resolve-pkg-maps@1.0.0:
    resolution:
      {
        integrity: sha512-seS2Tj26TBVOC2NIc2rOe2y2ZO7efxITtLZcGSOnHHNOQ7CkiUBfw0Iw2ck6xkIhPwLhKNLS8BO+hEpngQlqzw==,
      }

  scule@1.3.0:
    resolution:
      {
        integrity: sha512-6FtHJEvt+pVMIB9IBY+IcCJ6Z5f1iQnytgyfKMhDKgmzYG+TeH/wx1y3l27rshSbLiSanrR9ffZDrEsmjlQF2g==,
      }

  split2@4.2.0:
    resolution:
      {
        integrity: sha512-UcjcJOWknrNkF6PLX83qcHM6KHgVKNkV62Y8a5uYDVv9ydGQVwAHMKqHdJje1VTWpljG0WYpCDhrCdAOYH4TWg==,
      }
    engines: { node: '>= 10.x' }

  tsx@4.19.4:
    resolution:
      {
        integrity: sha512-gK5GVzDkJK1SI1zwHf32Mqxf2tSJkNx+eYcNly5+nHvWqXUJYUkWBQtKauoESz3ymezAI++ZwT855x5p5eop+Q==,
      }
    engines: { node: '>=18.0.0' }
    hasBin: true

  typescript@5.8.3:
    resolution:
      {
        integrity: sha512-p1diW6TqL9L07nNxvRMM7hMMw4c5XOo/1ibL4aAIGmSAt9slTE1Xgw5KWuof2uTOvCg9BY7ZRi+GaF+7sfgPeQ==,
      }
    engines: { node: '>=14.17' }
    hasBin: true

  ufo@1.6.1:
    resolution:
      {
        integrity: sha512-9a4/uxlTWJ4+a5i0ooc1rU7C7YOw3wT+UGqdeNNHWnOF9qcMBgLRS+4IYUqbczewFx4mLEig6gawh7X6mFlEkA==,
      }

  undici-types@5.26.5:
    resolution:
      {
        integrity: sha512-JlCMO+ehdEIKqlFxk6IfVoAUVmgz7cU7zD/h9XZ0qzeosSHmUJVOzSQvvYSYWXkFXC+IfLKSIffhv0sVZup6pA==,
      }

  xtend@4.0.2:
    resolution:
      {
        integrity: sha512-LKYU1iAXJXUgAXn9URjiu+MWhyUXHsvfp7mcuYm9dSUKK0/CjtrUwFAxD82/mCWbtLsGjFIad0wIsod4zrTAEQ==,
      }
    engines: { node: '>=0.4' }

snapshots:
  '@esbuild/aix-ppc64@0.25.4':
    optional: true

  '@esbuild/android-arm64@0.25.4':
    optional: true

  '@esbuild/android-arm@0.25.4':
    optional: true

  '@esbuild/android-x64@0.25.4':
    optional: true

  '@esbuild/darwin-arm64@0.25.4':
    optional: true

  '@esbuild/darwin-x64@0.25.4':
    optional: true

  '@esbuild/freebsd-arm64@0.25.4':
    optional: true

  '@esbuild/freebsd-x64@0.25.4':
    optional: true

  '@esbuild/linux-arm64@0.25.4':
    optional: true

  '@esbuild/linux-arm@0.25.4':
    optional: true

  '@esbuild/linux-ia32@0.25.4':
    optional: true

  '@esbuild/linux-loong64@0.25.4':
    optional: true

  '@esbuild/linux-mips64el@0.25.4':
    optional: true

  '@esbuild/linux-ppc64@0.25.4':
    optional: true

  '@esbuild/linux-riscv64@0.25.4':
    optional: true

  '@esbuild/linux-s390x@0.25.4':
    optional: true

  '@esbuild/linux-x64@0.25.4':
    optional: true

  '@esbuild/netbsd-arm64@0.25.4':
    optional: true

  '@esbuild/netbsd-x64@0.25.4':
    optional: true

  '@esbuild/openbsd-arm64@0.25.4':
    optional: true

  '@esbuild/openbsd-x64@0.25.4':
    optional: true

  '@esbuild/sunos-x64@0.25.4':
    optional: true

  '@esbuild/win32-arm64@0.25.4':
    optional: true

  '@esbuild/win32-ia32@0.25.4':
    optional: true

  '@esbuild/win32-x64@0.25.4':
    optional: true

  '@oxlint/darwin-arm64@0.16.10':
    optional: true

  '@oxlint/darwin-x64@0.16.10':
    optional: true

  '@oxlint/linux-arm64-gnu@0.16.10':
    optional: true

  '@oxlint/linux-arm64-musl@0.16.10':
    optional: true

  '@oxlint/linux-x64-gnu@0.16.10':
    optional: true

  '@oxlint/linux-x64-musl@0.16.10':
    optional: true

  '@oxlint/win32-arm64@0.16.10':
    optional: true

  '@oxlint/win32-x64@0.16.10':
    optional: true

  '@types/node@18.19.100':
    dependencies:
      undici-types: 5.26.5

  '@types/pg@8.15.1':
    dependencies:
      '@types/node': 18.19.100
      pg-protocol: 1.9.5
      pg-types: 4.0.2

  esbuild@0.25.4:
    optionalDependencies:
      '@esbuild/aix-ppc64': 0.25.4
      '@esbuild/android-arm': 0.25.4
      '@esbuild/android-arm64': 0.25.4
      '@esbuild/android-x64': 0.25.4
      '@esbuild/darwin-arm64': 0.25.4
      '@esbuild/darwin-x64': 0.25.4
      '@esbuild/freebsd-arm64': 0.25.4
      '@esbuild/freebsd-x64': 0.25.4
      '@esbuild/linux-arm': 0.25.4
      '@esbuild/linux-arm64': 0.25.4
      '@esbuild/linux-ia32': 0.25.4
      '@esbuild/linux-loong64': 0.25.4
      '@esbuild/linux-mips64el': 0.25.4
      '@esbuild/linux-ppc64': 0.25.4
      '@esbuild/linux-riscv64': 0.25.4
      '@esbuild/linux-s390x': 0.25.4
      '@esbuild/linux-x64': 0.25.4
      '@esbuild/netbsd-arm64': 0.25.4
      '@esbuild/netbsd-x64': 0.25.4
      '@esbuild/openbsd-arm64': 0.25.4
      '@esbuild/openbsd-x64': 0.25.4
      '@esbuild/sunos-x64': 0.25.4
      '@esbuild/win32-arm64': 0.25.4
      '@esbuild/win32-ia32': 0.25.4
      '@esbuild/win32-x64': 0.25.4

  fsevents@2.3.3:
    optional: true

  get-tsconfig@4.10.0:
    dependencies:
      resolve-pkg-maps: 1.0.0

  kysely@0.28.2: {}

  obuf@1.1.2: {}

  oxlint@0.16.10:
    optionalDependencies:
      '@oxlint/darwin-arm64': 0.16.10
      '@oxlint/darwin-x64': 0.16.10
      '@oxlint/linux-arm64-gnu': 0.16.10
      '@oxlint/linux-arm64-musl': 0.16.10
      '@oxlint/linux-x64-gnu': 0.16.10
      '@oxlint/linux-x64-musl': 0.16.10
      '@oxlint/win32-arm64': 0.16.10
      '@oxlint/win32-x64': 0.16.10

  pg-cloudflare@1.2.5:
    optional: true

  pg-connection-string@2.8.5: {}

  pg-int8@1.0.1: {}

  pg-numeric@1.0.2: {}

  pg-pool@3.9.6(pg@8.15.6):
    dependencies:
      pg: 8.15.6

  pg-protocol@1.9.5: {}

  pg-types@2.2.0:
    dependencies:
      pg-int8: 1.0.1
      postgres-array: 2.0.0
      postgres-bytea: 1.0.0
      postgres-date: 1.0.7
      postgres-interval: 1.2.0

  pg-types@4.0.2:
    dependencies:
      pg-int8: 1.0.1
      pg-numeric: 1.0.2
      postgres-array: 3.0.4
      postgres-bytea: 3.0.0
      postgres-date: 2.1.0
      postgres-interval: 3.0.0
      postgres-range: 1.1.4

  pg@8.15.6:
    dependencies:
      pg-connection-string: 2.8.5
      pg-pool: 3.9.6(pg@8.15.6)
      pg-protocol: 1.9.5
      pg-types: 2.2.0
      pgpass: 1.0.5
    optionalDependencies:
      pg-cloudflare: 1.2.5

  pgpass@1.0.5:
    dependencies:
      split2: 4.2.0

  postgres-array@2.0.0: {}

  postgres-array@3.0.4: {}

  postgres-bytea@1.0.0: {}

  postgres-bytea@3.0.0:
    dependencies:
      obuf: 1.1.2

  postgres-date@1.0.7: {}

  postgres-date@2.1.0: {}

  postgres-interval@1.2.0:
    dependencies:
      xtend: 4.0.2

  postgres-interval@3.0.0: {}

  postgres-range@1.1.4: {}

  prettier@3.5.3: {}

  resolve-pkg-maps@1.0.0: {}

  scule@1.3.0: {}

  split2@4.2.0: {}

  tsx@4.19.4:
    dependencies:
      esbuild: 0.25.4
      get-tsconfig: 4.10.0
    optionalDependencies:
      fsevents: 2.3.3

  typescript@5.8.3: {}

  ufo@1.6.1: {}

  undici-types@5.26.5: {}

  xtend@4.0.2: {}
